
Microsoft Visual Studio Solution File, Format Version 12.00
# Visual Studio Version 17
VisualStudioVersion = 17.11.35312.102
MinimumVisualStudioVersion = 10.0.40219.1
Project("{FAE04EC0-301F-11D3-BF4B-00C04F79EFBC}") = "TesteArquivos", "TesteArquivos\TesteArquivos.csproj", "{1F80F837-F0BB-4A34-9E78-6F9CD6E67AB6}"
EndProject
Global
	GlobalSection(SolutionConfigurationPlatforms) = preSolution
		Debug|Any CPU = Debug|Any CPU
		Release|Any CPU = Release|Any CPU
	EndGlobalSection
	GlobalSection(ProjectConfigurationPlatforms) = postSolution
		{1F80F837-F0BB-4A34-9E78-6F9CD6E67AB6}.Debug|Any CPU.ActiveCfg = Debug|Any CPU
		{1F80F837-F0BB-4A34-9E78-6F9CD6E67AB6}.Debug|Any CPU.Build.0 = Debug|Any CPU
		{1F80F837-F0BB-4A34-9E78-6F9CD6E67AB6}.Release|Any CPU.ActiveCfg = Release|Any CPU
		{1F80F837-F0BB-4A34-9E78-6F9CD6E67AB6}.Release|Any CPU.Build.0 = Release|Any CPU
	EndGlobalSection
	GlobalSection(SolutionProperties) = preSolution
		HideSolutionNode = FALSE
	EndGlobalSection
	GlobalSection(ExtensibilityGlobals) = postSolution
		SolutionGuid = {98EBB007-F030-4B0C-BDAE-E8E39903D50C}
	EndGlobalSection
EndGlobal
